
Microsoft Visual Studio Solution File, Format Version 12.00
# Visual Studio 15
VisualStudioVersion = 15.0.28307.852
MinimumVisualStudioVersion = 10.0.40219.1
Project("{FAE04EC0-301F-11D3-BF4B-00C04F79EFBC}") = "ut5_Actividad_1", "ut5_Actividad_1\ut5_Actividad_1.csproj", "{0BF0E6D6-65CD-48A7-BD22-44135380F812}"
EndProject
Global
	GlobalSection(SolutionConfigurationPlatforms) = preSolution
		Debug|Any CPU = Debug|Any CPU
		Release|Any CPU = Release|Any CPU
	EndGlobalSection
	GlobalSection(ProjectConfigurationPlatforms) = postSolution
		{0BF0E6D6-65CD-48A7-BD22-44135380F812}.Debug|Any CPU.ActiveCfg = Debug|Any CPU
		{0BF0E6D6-65CD-48A7-BD22-44135380F812}.Debug|Any CPU.Build.0 = Debug|Any CPU
		{0BF0E6D6-65CD-48A7-BD22-44135380F812}.Release|Any CPU.ActiveCfg = Release|Any CPU
		{0BF0E6D6-65CD-48A7-BD22-44135380F812}.Release|Any CPU.Build.0 = Release|Any CPU
	EndGlobalSection
	GlobalSection(SolutionProperties) = preSolution
		HideSolutionNode = FALSE
	EndGlobalSection
	GlobalSection(ExtensibilityGlobals) = postSolution
		SolutionGuid = {88A62BB3-F397-48DD-AB00-B523FE422348}
	EndGlobalSection
EndGlobal
